
Microsoft Visual Studio Solution File, Format Version 12.00
# Visual Studio Version 17
VisualStudioVersion = 17.10.35013.160
MinimumVisualStudioVersion = 10.0.40219.1
Project("{9A19103F-16F7-4668-BE54-9A1E7A4F7556}") = "Usuarios", "Usuarios\Usuarios.csproj", "{7E6B7D21-0F4F-4CE8-A931-F65835B263B1}"
EndProject
Project("{9A19103F-16F7-4668-BE54-9A1E7A4F7556}") = "Application", "Application\Application.csproj", "{5619D1A5-1C6B-4FC4-AABF-D662C3ABC910}"
EndProject
Project("{9A19103F-16F7-4668-BE54-9A1E7A4F7556}") = "Core", "Core\Core.csproj", "{6F2995D5-2483-460F-BEEF-48DFF67A166B}"
EndProject
Project("{9A19103F-16F7-4668-BE54-9A1E7A4F7556}") = "Infrastructure", "Infrastructure\Infrastructure.csproj", "{8D78FF35-D27E-454E-AD6E-06F087720CAC}"
EndProject
Project("{FAE04EC0-301F-11D3-BF4B-00C04F79EFBC}") = "Usuarios_CadastroTest", "Usuarios_CadastroTest\Usuarios_CadastroTest.csproj", "{AA4F19A5-7C10-46AA-8314-5A1CFD7D9379}"
EndProject
Global
	GlobalSection(SolutionConfigurationPlatforms) = preSolution
		Debug|Any CPU = Debug|Any CPU
		Release|Any CPU = Release|Any CPU
	EndGlobalSection
	GlobalSection(ProjectConfigurationPlatforms) = postSolution
		{7E6B7D21-0F4F-4CE8-A931-F65835B263B1}.Debug|Any CPU.ActiveCfg = Debug|Any CPU
		{7E6B7D21-0F4F-4CE8-A931-F65835B263B1}.Debug|Any CPU.Build.0 = Debug|Any CPU
		{7E6B7D21-0F4F-4CE8-A931-F65835B263B1}.Release|Any CPU.ActiveCfg = Release|Any CPU
		{7E6B7D21-0F4F-4CE8-A931-F65835B263B1}.Release|Any CPU.Build.0 = Release|Any CPU
		{5619D1A5-1C6B-4FC4-AABF-D662C3ABC910}.Debug|Any CPU.ActiveCfg = Debug|Any CPU
		{5619D1A5-1C6B-4FC4-AABF-D662C3ABC910}.Debug|Any CPU.Build.0 = Debug|Any CPU
		{5619D1A5-1C6B-4FC4-AABF-D662C3ABC910}.Release|Any CPU.ActiveCfg = Release|Any CPU
		{5619D1A5-1C6B-4FC4-AABF-D662C3ABC910}.Release|Any CPU.Build.0 = Release|Any CPU
		{6F2995D5-2483-460F-BEEF-48DFF67A166B}.Debug|Any CPU.ActiveCfg = Debug|Any CPU
		{6F2995D5-2483-460F-BEEF-48DFF67A166B}.Debug|Any CPU.Build.0 = Debug|Any CPU
		{6F2995D5-2483-460F-BEEF-48DFF67A166B}.Release|Any CPU.ActiveCfg = Release|Any CPU
		{6F2995D5-2483-460F-BEEF-48DFF67A166B}.Release|Any CPU.Build.0 = Release|Any CPU
		{8D78FF35-D27E-454E-AD6E-06F087720CAC}.Debug|Any CPU.ActiveCfg = Debug|Any CPU
		{8D78FF35-D27E-454E-AD6E-06F087720CAC}.Debug|Any CPU.Build.0 = Debug|Any CPU
		{8D78FF35-D27E-454E-AD6E-06F087720CAC}.Release|Any CPU.ActiveCfg = Release|Any CPU
		{8D78FF35-D27E-454E-AD6E-06F087720CAC}.Release|Any CPU.Build.0 = Release|Any CPU
		{AA4F19A5-7C10-46AA-8314-5A1CFD7D9379}.Debug|Any CPU.ActiveCfg = Debug|Any CPU
		{AA4F19A5-7C10-46AA-8314-5A1CFD7D9379}.Debug|Any CPU.Build.0 = Debug|Any CPU
		{AA4F19A5-7C10-46AA-8314-5A1CFD7D9379}.Release|Any CPU.ActiveCfg = Release|Any CPU
		{AA4F19A5-7C10-46AA-8314-5A1CFD7D9379}.Release|Any CPU.Build.0 = Release|Any CPU
	EndGlobalSection
	GlobalSection(SolutionProperties) = preSolution
		HideSolutionNode = FALSE
	EndGlobalSection
	GlobalSection(ExtensibilityGlobals) = postSolution
		SolutionGuid = {1190B67C-935F-4CE6-9FE6-A6765EF10BDF}
	EndGlobalSection
EndGlobal
